
Microsoft Visual Studio Solution File, Format Version 12.00
# Visual Studio Version 17
VisualStudioVersion = 17.7.34003.232
MinimumVisualStudioVersion = 10.0.40219.1
Project("{FAE04EC0-301F-11D3-BF4B-00C04F79EFBC}") = "Uppgift 2.2", "Uppgift 2.2\Uppgift 2.2.csproj", "{5272E764-8384-4E84-8B35-453FED182207}"
EndProject
Global
	GlobalSection(SolutionConfigurationPlatforms) = preSolution
		Debug|Any CPU = Debug|Any CPU
		Release|Any CPU = Release|Any CPU
	EndGlobalSection
	GlobalSection(ProjectConfigurationPlatforms) = postSolution
		{5272E764-8384-4E84-8B35-453FED182207}.Debug|Any CPU.ActiveCfg = Debug|Any CPU
		{5272E764-8384-4E84-8B35-453FED182207}.Debug|Any CPU.Build.0 = Debug|Any CPU
		{5272E764-8384-4E84-8B35-453FED182207}.Release|Any CPU.ActiveCfg = Release|Any CPU
		{5272E764-8384-4E84-8B35-453FED182207}.Release|Any CPU.Build.0 = Release|Any CPU
	EndGlobalSection
	GlobalSection(SolutionProperties) = preSolution
		HideSolutionNode = FALSE
	EndGlobalSection
	GlobalSection(ExtensibilityGlobals) = postSolution
		SolutionGuid = {5C17899A-A208-4E0C-9835-A29ECD4E7D8F}
	EndGlobalSection
EndGlobal
